
Microsoft Visual Studio Solution File, Format Version 12.00
# Visual Studio Version 17
VisualStudioVersion = 17.1.32210.238
MinimumVisualStudioVersion = 10.0.40219.1
Project("{FAE04EC0-301F-11D3-BF4B-00C04F79EFBC}") = "LuckySteps", "LuckySteps\LuckySteps.csproj", "{1559C462-F287-41FB-BD73-2DF1FF96A8B2}"
EndProject
Global
	GlobalSection(SolutionConfigurationPlatforms) = preSolution
		Debug|Any CPU = Debug|Any CPU
		Release|Any CPU = Release|Any CPU
	EndGlobalSection
	GlobalSection(ProjectConfigurationPlatforms) = postSolution
		{1559C462-F287-41FB-BD73-2DF1FF96A8B2}.Debug|Any CPU.ActiveCfg = Debug|Any CPU
		{1559C462-F287-41FB-BD73-2DF1FF96A8B2}.Debug|Any CPU.Build.0 = Debug|Any CPU
		{1559C462-F287-41FB-BD73-2DF1FF96A8B2}.Release|Any CPU.ActiveCfg = Release|Any CPU
		{1559C462-F287-41FB-BD73-2DF1FF96A8B2}.Release|Any CPU.Build.0 = Release|Any CPU
	EndGlobalSection
	GlobalSection(SolutionProperties) = preSolution
		HideSolutionNode = FALSE
	EndGlobalSection
	GlobalSection(ExtensibilityGlobals) = postSolution
		SolutionGuid = {F300649B-3F7C-486B-A0DC-D5A70F7127CD}
	EndGlobalSection
EndGlobal
